// !$*UTF8*$!
{
	archiveVersion = 1;
	classes = {
	};
	objectVersion = 46;
	objects = {

/* Begin PBXBuildFile section */
		C50B7B4A1778F29D000C71D4 /* NetworkActivity.m in Sources */ = {isa = PBXBuildFile; fileRef = C50B7B491778F29D000C71D4 /* NetworkActivity.m */; };
		C50B7B50177901AA000C71D4 /* stanford_icon.png in Resources */ = {isa = PBXBuildFile; fileRef = C50B7B4F177901AA000C71D4 /* stanford_icon.png */; };
		C528324217762E00004F6AC4 /* stanford_bw.jpg in Resources */ = {isa = PBXBuildFile; fileRef = C528324117762E00004F6AC4 /* stanford_bw.jpg */; };
		C53CF4FE177A406E00BF7D4E /* ImageCache.m in Sources */ = {isa = PBXBuildFile; fileRef = C53CF4FD177A406E00BF7D4E /* ImageCache.m */; };
		C555AAD71773BB3F00C8C9BF /* TagGroupViewController.m in Sources */ = {isa = PBXBuildFile; fileRef = C555AAD61773BB3F00C8C9BF /* TagGroupViewController.m */; };
		C555AADA1773C25E00C8C9BF /* ImageViewController.m in Sources */ = {isa = PBXBuildFile; fileRef = C555AAD91773C25E00C8C9BF /* ImageViewController.m */; };
		C586F1BC1774EB000059DCDA /* SPoTTabBarController.m in Sources */ = {isa = PBXBuildFile; fileRef = C586F1BB1774EB000059DCDA /* SPoTTabBarController.m */; };
		C586F1BF1774FBE50059DCDA /* RecentsViewController.m in Sources */ = {isa = PBXBuildFile; fileRef = C586F1BE1774FBE50059DCDA /* RecentsViewController.m */; };
		C599195F177394D5007210E2 /* UIKit.framework in Frameworks */ = {isa = PBXBuildFile; fileRef = C599195E177394D5007210E2 /* UIKit.framework */; };
		C5991961177394D5007210E2 /* Foundation.framework in Frameworks */ = {isa = PBXBuildFile; fileRef = C5991960177394D5007210E2 /* Foundation.framework */; };
		C5991963177394D5007210E2 /* CoreGraphics.framework in Frameworks */ = {isa = PBXBuildFile; fileRef = C5991962177394D5007210E2 /* CoreGraphics.framework */; };
		C5991969177394D5007210E2 /* InfoPlist.strings in Resources */ = {isa = PBXBuildFile; fileRef = C5991967177394D5007210E2 /* InfoPlist.strings */; };
		C599196B177394D5007210E2 /* main.m in Sources */ = {isa = PBXBuildFile; fileRef = C599196A177394D5007210E2 /* main.m */; };
		C599196F177394D5007210E2 /* SPoTAppDelegate.m in Sources */ = {isa = PBXBuildFile; fileRef = C599196E177394D5007210E2 /* SPoTAppDelegate.m */; };
		C5991971177394D5007210E2 /* Default.png in Resources */ = {isa = PBXBuildFile; fileRef = C5991970177394D5007210E2 /* Default.png */; };
		C5991973177394D5007210E2 /* Default@2x.png in Resources */ = {isa = PBXBuildFile; fileRef = C5991972177394D5007210E2 /* Default@2x.png */; };
		C5991975177394D5007210E2 /* Default-568h@2x.png in Resources */ = {isa = PBXBuildFile; fileRef = C5991974177394D5007210E2 /* Default-568h@2x.png */; };
		C5991978177394D5007210E2 /* MainStoryboard.storyboard in Resources */ = {isa = PBXBuildFile; fileRef = C5991976177394D5007210E2 /* MainStoryboard.storyboard */; };
		C599197B177394D5007210E2 /* SPoTViewController.m in Sources */ = {isa = PBXBuildFile; fileRef = C599197A177394D5007210E2 /* SPoTViewController.m */; };
		C5991985177398A2007210E2 /* FlickrFetcher.m in Sources */ = {isa = PBXBuildFile; fileRef = C5991984177398A2007210E2 /* FlickrFetcher.m */; };
		C599198817739DE9007210E2 /* SPoTTableViewController.m in Sources */ = {isa = PBXBuildFile; fileRef = C599198717739DE9007210E2 /* SPoTTableViewController.m */; };
		C599198B1773A049007210E2 /* FeaturedTableViewController.m in Sources */ = {isa = PBXBuildFile; fileRef = C599198A1773A049007210E2 /* FeaturedTableViewController.m */; };
		C599198E1773A4D2007210E2 /* model.m in Sources */ = {isa = PBXBuildFile; fileRef = C599198D1773A4D2007210E2 /* model.m */; };
/* End PBXBuildFile section */

/* Begin PBXFileReference section */
		C50B7B481778F29D000C71D4 /* NetworkActivity.h */ = {isa = PBXFileReference; fileEncoding = 4; lastKnownFileType = sourcecode.c.h; path = NetworkActivity.h; sourceTree = "<group>"; };
		C50B7B491778F29D000C71D4 /* NetworkActivity.m */ = {isa = PBXFileReference; fileEncoding = 4; lastKnownFileType = sourcecode.c.objc; path = NetworkActivity.m; sourceTree = "<group>"; };
		C50B7B4F177901AA000C71D4 /* stanford_icon.png */ = {isa = PBXFileReference; lastKnownFileType = image.png; name = stanford_icon.png; path = ../stanford_icon.png; sourceTree = "<group>"; };
		C528324117762E00004F6AC4 /* stanford_bw.jpg */ = {isa = PBXFileReference; lastKnownFileType = image.jpeg; path = stanford_bw.jpg; sourceTree = "<group>"; };
		C53CF4FC177A406E00BF7D4E /* ImageCache.h */ = {isa = PBXFileReference; fileEncoding = 4; lastKnownFileType = sourcecode.c.h; path = ImageCache.h; sourceTree = "<group>"; };
		C53CF4FD177A406E00BF7D4E /* ImageCache.m */ = {isa = PBXFileReference; fileEncoding = 4; lastKnownFileType = sourcecode.c.objc; path = ImageCache.m; sourceTree = "<group>"; };
		C555AAD51773BB3F00C8C9BF /* TagGroupViewController.h */ = {isa = PBXFileReference; fileEncoding = 4; lastKnownFileType = sourcecode.c.h; path = TagGroupViewController.h; sourceTree = "<group>"; };
		C555AAD61773BB3F00C8C9BF /* TagGroupViewController.m */ = {isa = PBXFileReference; fileEncoding = 4; lastKnownFileType = sourcecode.c.objc; path = TagGroupViewController.m; sourceTree = "<group>"; };
		C555AAD81773C25E00C8C9BF /* ImageViewController.h */ = {isa = PBXFileReference; fileEncoding = 4; lastKnownFileType = sourcecode.c.h; path = ImageViewController.h; sourceTree = "<group>"; };
		C555AAD91773C25E00C8C9BF /* ImageViewController.m */ = {isa = PBXFileReference; fileEncoding = 4; lastKnownFileType = sourcecode.c.objc; path = ImageViewController.m; sourceTree = "<group>"; };
		C586F1BA1774EB000059DCDA /* SPoTTabBarController.h */ = {isa = PBXFileReference; fileEncoding = 4; lastKnownFileType = sourcecode.c.h; path = SPoTTabBarController.h; sourceTree = "<group>"; };
		C586F1BB1774EB000059DCDA /* SPoTTabBarController.m */ = {isa = PBXFileReference; fileEncoding = 4; lastKnownFileType = sourcecode.c.objc; path = SPoTTabBarController.m; sourceTree = "<group>"; };
		C586F1BD1774FBE50059DCDA /* RecentsViewController.h */ = {isa = PBXFileReference; fileEncoding = 4; lastKnownFileType = sourcecode.c.h; path = RecentsViewController.h; sourceTree = "<group>"; };
		C586F1BE1774FBE50059DCDA /* RecentsViewController.m */ = {isa = PBXFileReference; fileEncoding = 4; lastKnownFileType = sourcecode.c.objc; path = RecentsViewController.m; sourceTree = "<group>"; };
		C599195B177394D5007210E2 /* SPoT-v5.app */ = {isa = PBXFileReference; explicitFileType = wrapper.application; includeInIndex = 0; path = "SPoT-v5.app"; sourceTree = BUILT_PRODUCTS_DIR; };
		C599195E177394D5007210E2 /* UIKit.framework */ = {isa = PBXFileReference; lastKnownFileType = wrapper.framework; name = UIKit.framework; path = System/Library/Frameworks/UIKit.framework; sourceTree = SDKROOT; };
		C5991960177394D5007210E2 /* Foundation.framework */ = {isa = PBXFileReference; lastKnownFileType = wrapper.framework; name = Foundation.framework; path = System/Library/Frameworks/Foundation.framework; sourceTree = SDKROOT; };
		C5991962177394D5007210E2 /* CoreGraphics.framework */ = {isa = PBXFileReference; lastKnownFileType = wrapper.framework; name = CoreGraphics.framework; path = System/Library/Frameworks/CoreGraphics.framework; sourceTree = SDKROOT; };
		C5991966177394D5007210E2 /* SPoT-Info.plist */ = {isa = PBXFileReference; lastKnownFileType = text.plist.xml; path = "SPoT-Info.plist"; sourceTree = "<group>"; };
		C5991968177394D5007210E2 /* en */ = {isa = PBXFileReference; lastKnownFileType = text.plist.strings; name = en; path = en.lproj/InfoPlist.strings; sourceTree = "<group>"; };
		C599196A177394D5007210E2 /* main.m */ = {isa = PBXFileReference; lastKnownFileType = sourcecode.c.objc; path = main.m; sourceTree = "<group>"; };
		C599196C177394D5007210E2 /* SPoT-Prefix.pch */ = {isa = PBXFileReference; lastKnownFileType = sourcecode.c.h; path = "SPoT-Prefix.pch"; sourceTree = "<group>"; };
		C599196D177394D5007210E2 /* SPoTAppDelegate.h */ = {isa = PBXFileReference; lastKnownFileType = sourcecode.c.h; path = SPoTAppDelegate.h; sourceTree = "<group>"; };
		C599196E177394D5007210E2 /* SPoTAppDelegate.m */ = {isa = PBXFileReference; lastKnownFileType = sourcecode.c.objc; path = SPoTAppDelegate.m; sourceTree = "<group>"; };
		C5991970177394D5007210E2 /* Default.png */ = {isa = PBXFileReference; lastKnownFileType = image.png; path = Default.png; sourceTree = "<group>"; };
		C5991972177394D5007210E2 /* Default@2x.png */ = {isa = PBXFileReference; lastKnownFileType = image.png; path = "Default@2x.png"; sourceTree = "<group>"; };
		C5991974177394D5007210E2 /* Default-568h@2x.png */ = {isa = PBXFileReference; lastKnownFileType = image.png; path = "Default-568h@2x.png"; sourceTree = "<group>"; };
		C5991977177394D5007210E2 /* en */ = {isa = PBXFileReference; lastKnownFileType = file.storyboard; name = en; path = en.lproj/MainStoryboard.storyboard; sourceTree = "<group>"; };
		C5991979177394D5007210E2 /* SPoTViewController.h */ = {isa = PBXFileReference; lastKnownFileType = sourcecode.c.h; path = SPoTViewController.h; sourceTree = "<group>"; };
		C599197A177394D5007210E2 /* SPoTViewController.m */ = {isa = PBXFileReference; lastKnownFileType = sourcecode.c.objc; path = SPoTViewController.m; sourceTree = "<group>"; };
		C5991982177398A2007210E2 /* FlickrAPIKey.h */ = {isa = PBXFileReference; fileEncoding = 4; lastKnownFileType = sourcecode.c.h; path = FlickrAPIKey.h; sourceTree = "<group>"; };
		C5991983177398A2007210E2 /* FlickrFetcher.h */ = {isa = PBXFileReference; fileEncoding = 4; lastKnownFileType = sourcecode.c.h; path = FlickrFetcher.h; sourceTree = "<group>"; };
		C5991984177398A2007210E2 /* FlickrFetcher.m */ = {isa = PBXFileReference; fileEncoding = 4; lastKnownFileType = sourcecode.c.objc; path = FlickrFetcher.m; sourceTree = "<group>"; };
		C599198617739DE9007210E2 /* SPoTTableViewController.h */ = {isa = PBXFileReference; fileEncoding = 4; lastKnownFileType = sourcecode.c.h; path = SPoTTableViewController.h; sourceTree = "<group>"; };
		C599198717739DE9007210E2 /* SPoTTableViewController.m */ = {isa = PBXFileReference; fileEncoding = 4; lastKnownFileType = sourcecode.c.objc; path = SPoTTableViewController.m; sourceTree = "<group>"; };
		C59919891773A049007210E2 /* FeaturedTableViewController.h */ = {isa = PBXFileReference; fileEncoding = 4; lastKnownFileType = sourcecode.c.h; path = FeaturedTableViewController.h; sourceTree = "<group>"; };
		C599198A1773A049007210E2 /* FeaturedTableViewController.m */ = {isa = PBXFileReference; fileEncoding = 4; lastKnownFileType = sourcecode.c.objc; path = FeaturedTableViewController.m; sourceTree = "<group>"; };
		C599198C1773A4D2007210E2 /* model.h */ = {isa = PBXFileReference; fileEncoding = 4; lastKnownFileType = sourcecode.c.h; path = model.h; sourceTree = "<group>"; };
		C599198D1773A4D2007210E2 /* model.m */ = {isa = PBXFileReference; fileEncoding = 4; lastKnownFileType = sourcecode.c.objc; path = model.m; sourceTree = "<group>"; };
/* End PBXFileReference section */

/* Begin PBXFrameworksBuildPhase section */
		C5991958177394D5007210E2 /* Frameworks */ = {
			isa = PBXFrameworksBuildPhase;
			buildActionMask = 2147483647;
			files = (
				C599195F177394D5007210E2 /* UIKit.framework in Frameworks */,
				C5991961177394D5007210E2 /* Foundation.framework in Frameworks */,
				C5991963177394D5007210E2 /* CoreGraphics.framework in Frameworks */,
			);
			runOnlyForDeploymentPostprocessing = 0;
		};
/* End PBXFrameworksBuildPhase section */

/* Begin PBXGroup section */
		C5991952177394D5007210E2 = {
			isa = PBXGroup;
			children = (
				C5991964177394D5007210E2 /* SPoT */,
				C599195D177394D5007210E2 /* Frameworks */,
				C599195C177394D5007210E2 /* Products */,
			);
			sourceTree = "<group>";
		};
		C599195C177394D5007210E2 /* Products */ = {
			isa = PBXGroup;
			children = (
				C599195B177394D5007210E2 /* SPoT-v5.app */,
			);
			name = Products;
			sourceTree = "<group>";
		};
		C599195D177394D5007210E2 /* Frameworks */ = {
			isa = PBXGroup;
			children = (
				C599195E177394D5007210E2 /* UIKit.framework */,
				C5991960177394D5007210E2 /* Foundation.framework */,
				C5991962177394D5007210E2 /* CoreGraphics.framework */,
			);
			name = Frameworks;
			sourceTree = "<group>";
		};
		C5991964177394D5007210E2 /* SPoT */ = {
			isa = PBXGroup;
			children = (
				C599196D177394D5007210E2 /* SPoTAppDelegate.h */,
				C599196E177394D5007210E2 /* SPoTAppDelegate.m */,
				C5991976177394D5007210E2 /* MainStoryboard.storyboard */,
				C586F1BA1774EB000059DCDA /* SPoTTabBarController.h */,
				C586F1BB1774EB000059DCDA /* SPoTTabBarController.m */,
				C5991979177394D5007210E2 /* SPoTViewController.h */,
				C599197A177394D5007210E2 /* SPoTViewController.m */,
				C555AAD51773BB3F00C8C9BF /* TagGroupViewController.h */,
				C555AAD61773BB3F00C8C9BF /* TagGroupViewController.m */,
				C599198617739DE9007210E2 /* SPoTTableViewController.h */,
				C599198717739DE9007210E2 /* SPoTTableViewController.m */,
				C59919891773A049007210E2 /* FeaturedTableViewController.h */,
				C599198A1773A049007210E2 /* FeaturedTableViewController.m */,
				C50B7B481778F29D000C71D4 /* NetworkActivity.h */,
				C50B7B491778F29D000C71D4 /* NetworkActivity.m */,
				C599198C1773A4D2007210E2 /* model.h */,
				C599198D1773A4D2007210E2 /* model.m */,
				C586F1BD1774FBE50059DCDA /* RecentsViewController.h */,
				C586F1BE1774FBE50059DCDA /* RecentsViewController.m */,
				C555AAD81773C25E00C8C9BF /* ImageViewController.h */,
				C555AAD91773C25E00C8C9BF /* ImageViewController.m */,
				C53CF4FC177A406E00BF7D4E /* ImageCache.h */,
				C53CF4FD177A406E00BF7D4E /* ImageCache.m */,
				C5991981177398A2007210E2 /* FlickrFetcher */,
				C5991965177394D5007210E2 /* Supporting Files */,
			);
			path = SPoT;
			sourceTree = "<group>";
		};
		C5991965177394D5007210E2 /* Supporting Files */ = {
			isa = PBXGroup;
			children = (
				C50B7B4F177901AA000C71D4 /* stanford_icon.png */,
				C528324117762E00004F6AC4 /* stanford_bw.jpg */,
				C5991966177394D5007210E2 /* SPoT-Info.plist */,
				C5991967177394D5007210E2 /* InfoPlist.strings */,
				C599196A177394D5007210E2 /* main.m */,
				C599196C177394D5007210E2 /* SPoT-Prefix.pch */,
				C5991970177394D5007210E2 /* Default.png */,
				C5991972177394D5007210E2 /* Default@2x.png */,
				C5991974177394D5007210E2 /* Default-568h@2x.png */,
			);
			name = "Supporting Files";
			sourceTree = "<group>";
		};
		C5991981177398A2007210E2 /* FlickrFetcher */ = {
			isa = PBXGroup;
			children = (
				C5991982177398A2007210E2 /* FlickrAPIKey.h */,
				C5991983177398A2007210E2 /* FlickrFetcher.h */,
				C5991984177398A2007210E2 /* FlickrFetcher.m */,
			);
			path = FlickrFetcher;
			sourceTree = "<group>";
		};
/* End PBXGroup section */

/* Begin PBXNativeTarget section */
		C599195A177394D5007210E2 /* SPoT */ = {
			isa = PBXNativeTarget;
			buildConfigurationList = C599197E177394D5007210E2 /* Build configuration list for PBXNativeTarget "SPoT" */;
			buildPhases = (
				C5991957177394D5007210E2 /* Sources */,
				C5991958177394D5007210E2 /* Frameworks */,
				C5991959177394D5007210E2 /* Resources */,
			);
			buildRules = (
			);
			dependencies = (
			);
			name = SPoT;
			productName = SPoT;
			productReference = C599195B177394D5007210E2 /* SPoT-v5.app */;
			productType = "com.apple.product-type.application";
		};
/* End PBXNativeTarget section */

/* Begin PBXProject section */
		C5991953177394D5007210E2 /* Project object */ = {
			isa = PBXProject;
			attributes = {
				CLASSPREFIX = SPoT;
				LastUpgradeCheck = 0460;
				ORGANIZATIONNAME = "Jess Thrysoee";
			};
			buildConfigurationList = C5991956177394D5007210E2 /* Build configuration list for PBXProject "SPoT" */;
			compatibilityVersion = "Xcode 3.2";
			developmentRegion = English;
			hasScannedForEncodings = 0;
			knownRegions = (
				en,
			);
			mainGroup = C5991952177394D5007210E2;
			productRefGroup = C599195C177394D5007210E2 /* Products */;
			projectDirPath = "";
			projectRoot = "";
			targets = (
				C599195A177394D5007210E2 /* SPoT */,
			);
		};
/* End PBXProject section */

/* Begin PBXResourcesBuildPhase section */
		C5991959177394D5007210E2 /* Resources */ = {
			isa = PBXResourcesBuildPhase;
			buildActionMask = 2147483647;
			files = (
				C5991969177394D5007210E2 /* InfoPlist.strings in Resources */,
				C5991971177394D5007210E2 /* Default.png in Resources */,
				C5991973177394D5007210E2 /* Default@2x.png in Resources */,
				C5991975177394D5007210E2 /* Default-568h@2x.png in Resources */,
				C5991978177394D5007210E2 /* MainStoryboard.storyboard in Resources */,
				C528324217762E00004F6AC4 /* stanford_bw.jpg in Resources */,
				C50B7B50177901AA000C71D4 /* stanford_icon.png in Resources */,
			);
			runOnlyForDeploymentPostprocessing = 0;
		};
/* End PBXResourcesBuildPhase section */

/* Begin PBXSourcesBuildPhase section */
		C5991957177394D5007210E2 /* Sources */ = {
			isa = PBXSourcesBuildPhase;
			buildActionMask = 2147483647;
			files = (
				C599196B177394D5007210E2 /* main.m in Sources */,
				C599196F177394D5007210E2 /* SPoTAppDelegate.m in Sources */,
				C599197B177394D5007210E2 /* SPoTViewController.m in Sources */,
				C5991985177398A2007210E2 /* FlickrFetcher.m in Sources */,
				C599198817739DE9007210E2 /* SPoTTableViewController.m in Sources */,
				C599198B1773A049007210E2 /* FeaturedTableViewController.m in Sources */,
				C599198E1773A4D2007210E2 /* model.m in Sources */,
				C555AAD71773BB3F00C8C9BF /* TagGroupViewController.m in Sources */,
				C555AADA1773C25E00C8C9BF /* ImageViewController.m in Sources */,
				C586F1BC1774EB000059DCDA /* SPoTTabBarController.m in Sources */,
				C586F1BF1774FBE50059DCDA /* RecentsViewController.m in Sources */,
				C50B7B4A1778F29D000C71D4 /* NetworkActivity.m in Sources */,
				C53CF4FE177A406E00BF7D4E /* ImageCache.m in Sources */,
			);
			runOnlyForDeploymentPostprocessing = 0;
		};
/* End PBXSourcesBuildPhase section */

/* Begin PBXVariantGroup section */
		C5991967177394D5007210E2 /* InfoPlist.strings */ = {
			isa = PBXVariantGroup;
			children = (
				C5991968177394D5007210E2 /* en */,
			);
			name = InfoPlist.strings;
			sourceTree = "<group>";
		};
		C5991976177394D5007210E2 /* MainStoryboard.storyboard */ = {
			isa = PBXVariantGroup;
			children = (
				C5991977177394D5007210E2 /* en */,
			);
			name = MainStoryboard.storyboard;
			sourceTree = "<group>";
		};
/* End PBXVariantGroup section */

/* Begin XCBuildConfiguration section */
		C599197C177394D5007210E2 /* Debug */ = {
			isa = XCBuildConfiguration;
			buildSettings = {
				ALWAYS_SEARCH_USER_PATHS = NO;
				CLANG_CXX_LANGUAGE_STANDARD = "gnu++0x";
				CLANG_CXX_LIBRARY = "libc++";
				CLANG_ENABLE_OBJC_ARC = YES;
				CLANG_WARN_CONSTANT_CONVERSION = YES;
				CLANG_WARN_EMPTY_BODY = YES;
				CLANG_WARN_ENUM_CONVERSION = YES;
				CLANG_WARN_INT_CONVERSION = YES;
				CLANG_WARN__DUPLICATE_METHOD_MATCH = YES;
				"CODE_SIGN_IDENTITY[sdk=iphoneos*]" = "iPhone Developer";
				COPY_PHASE_STRIP = NO;
				GCC_C_LANGUAGE_STANDARD = gnu99;
				GCC_DYNAMIC_NO_PIC = NO;
				GCC_OPTIMIZATION_LEVEL = 0;
				GCC_PREPROCESSOR_DEFINITIONS = (
					"DEBUG=1",
					"$(inherited)",
				);
				GCC_SYMBOLS_PRIVATE_EXTERN = NO;
				GCC_WARN_ABOUT_RETURN_TYPE = YES;
				GCC_WARN_UNINITIALIZED_AUTOS = YES;
				GCC_WARN_UNUSED_VARIABLE = YES;
				IPHONEOS_DEPLOYMENT_TARGET = 6.1;
				ONLY_ACTIVE_ARCH = YES;
				SDKROOT = iphoneos;
				TARGETED_DEVICE_FAMILY = 2;
			};
			name = Debug;
		};
		C599197D177394D5007210E2 /* Release */ = {
			isa = XCBuildConfiguration;
			buildSettings = {
				ALWAYS_SEARCH_USER_PATHS = NO;
				CLANG_CXX_LANGUAGE_STANDARD = "gnu++0x";
				CLANG_CXX_LIBRARY = "libc++";
				CLANG_ENABLE_OBJC_ARC = YES;
				CLANG_WARN_CONSTANT_CONVERSION = YES;
				CLANG_WARN_EMPTY_BODY = YES;
				CLANG_WARN_ENUM_CONVERSION = YES;
				CLANG_WARN_INT_CONVERSION = YES;
				CLANG_WARN__DUPLICATE_METHOD_MATCH = YES;
				"CODE_SIGN_IDENTITY[sdk=iphoneos*]" = "iPhone Developer";
				COPY_PHASE_STRIP = YES;
				GCC_C_LANGUAGE_STANDARD = gnu99;
				GCC_WARN_ABOUT_RETURN_TYPE = YES;
				GCC_WARN_UNINITIALIZED_AUTOS = YES;
				GCC_WARN_UNUSED_VARIABLE = YES;
				IPHONEOS_DEPLOYMENT_TARGET = 6.1;
				OTHER_CFLAGS = "-DNS_BLOCK_ASSERTIONS=1";
				SDKROOT = iphoneos;
				TARGETED_DEVICE_FAMILY = 2;
				VALIDATE_PRODUCT = YES;
			};
			name = Release;
		};
		C599197F177394D5007210E2 /* Debug */ = {
			isa = XCBuildConfiguration;
			buildSettings = {
				GCC_PRECOMPILE_PREFIX_HEADER = YES;
				GCC_PREFIX_HEADER = "SPoT/SPoT-Prefix.pch";
				INFOPLIST_FILE = "SPoT/SPoT-Info.plist";
				PRODUCT_NAME = "$(TARGET_NAME)-v5";
				WRAPPER_EXTENSION = app;
			};
			name = Debug;
		};
		C5991980177394D5007210E2 /* Release */ = {
			isa = XCBuildConfiguration;
			buildSettings = {
				GCC_PRECOMPILE_PREFIX_HEADER = YES;
				GCC_PREFIX_HEADER = "SPoT/SPoT-Prefix.pch";
				INFOPLIST_FILE = "SPoT/SPoT-Info.plist";
				PRODUCT_NAME = "$(TARGET_NAME)-v5";
				WRAPPER_EXTENSION = app;
			};
			name = Release;
		};
/* End XCBuildConfiguration section */

/* Begin XCConfigurationList section */
		C5991956177394D5007210E2 /* Build configuration list for PBXProject "SPoT" */ = {
			isa = XCConfigurationList;
			buildConfigurations = (
				C599197C177394D5007210E2 /* Debug */,
				C599197D177394D5007210E2 /* Release */,
			);
			defaultConfigurationIsVisible = 0;
			defaultConfigurationName = Release;
		};
		C599197E177394D5007210E2 /* Build configuration list for PBXNativeTarget "SPoT" */ = {
			isa = XCConfigurationList;
			buildConfigurations = (
				C599197F177394D5007210E2 /* Debug */,
				C5991980177394D5007210E2 /* Release */,
			);
			defaultConfigurationIsVisible = 0;
			defaultConfigurationName = Release;
		};
/* End XCConfigurationList section */
	};
	rootObject = C5991953177394D5007210E2 /* Project object */;
}
